version = 1
revision = 3
requires-python = ">=3.12"

[[package]]
name = "astroid"
version = "4.0.4"
source = { registry = "https://pypi.org/simple" }
sdist = { url = "https://files.pythonhosted.org/packages/07/63/0adf26577da5eff6eb7a177876c1cfa213856be9926a000f65c4add9692b/astroid-4.0.4.tar.gz", hash = "sha256:986fed8bcf79fb82c78b18a53352a0b287a73817d6dbcfba3162da36667c49a0", size = 406358, upload-time = "2026-02-07T23:35:07.509Z" }
wheels = [
    { url = "https://files.pythonhosted.org/packages/b0/cf/1c5f42b110e57bc5502eb80dbc3b03d256926062519224835ef08134f1f9/astroid-4.0.4-py3-none-any.whl", hash = "sha256:52f39653876c7dec3e3afd4c2696920e05c83832b9737afc21928f2d2eb7a753", size = 276445, upload-time = "2026-02-07T23:35:05.344Z" },
]

[[package]]
name = "colorama"
version = "0.4.6"
source = { registry = "https://pypi.org/simple" }
sdist = { url = "https://files.pythonhosted.org/packages/d8/53/6f443c9a4a8358a93a6792e2acffb9d9d5cb0a5cfd8802644b7b1c9a02e4/colorama-0.4.6.tar.gz", hash = "sha256:08695f5cb7ed6e0531a20572697297273c47b8cae5a63ffc6d6ed5c201be6e44", size = 27697, upload-time = "2022-10-25T02:36:22.414Z" }
wheels = [
    { url = "https://files.pythonhosted.org/packages/d1/d6/3965ed04c63042e047cb6a3e6ed1a63a35087b6a609aa3a15ed8ac56c221/colorama-0.4.6-py2.py3-none-any.whl", hash = "sha256:4f1d9991f5acc0ca119f9d443620b77f9d6b33703e51011c16baf57afb285fc6", size = 25335, upload-time = "2022-10-25T02:36:20.889Z" },
]

[[package]]
name = "dill"
version = "0.4.1"
source = { registry = "https://pypi.org/simple" }
sdist = { url = "https://files.pythonhosted.org/packages/81/e1/56027a71e31b02ddc53c7d65b01e68edf64dea2932122fe7746a516f75d5/dill-0.4.1.tar.gz", hash = "sha256:423092df4182177d4d8ba8290c8a5b640c66ab35ec7da59ccfa00f6fa3eea5fa", size = 187315, upload-time = "2026-01-19T02:36:56.85Z" }
wheels = [
    { url = "https://files.pythonhosted.org/packages/1e/77/dc8c558f7593132cf8fefec57c4f60c83b16941c574ac5f619abb3ae7933/dill-0.4.1-py3-none-any.whl", hash = "sha256:1e1ce33e978ae97fcfcff5638477032b801c46c7c65cf717f95fbc2248f79a9d", size = 120019, upload-time = "2026-01-19T02:36:55.663Z" },
]

[[package]]
name = "isort"
version = "8.0.1"
source = { registry = "https://pypi.org/simple" }
sdist = { url = "https://files.pythonhosted.org/packages/ef/7c/ec4ab396d31b3b395e2e999c8f46dec78c5e29209fac49d1f4dace04041d/isort-8.0.1.tar.gz", hash = "sha256:171ac4ff559cdc060bcfff550bc8404a486fee0caab245679c2abe7cb253c78d", size = 769592, upload-time = "2026-02-28T10:08:20.685Z" }
wheels = [
    { url = "https://files.pythonhosted.org/packages/3e/95/c7c34aa53c16353c56d0b802fba48d5f5caa2cdee7958acbcb795c830416/isort-8.0.1-py3-none-any.whl", hash = "sha256:28b89bc70f751b559aeca209e6120393d43fbe2490de0559662be7a9787e3d75", size = 89733, upload-time = "2026-02-28T10:08:19.466Z" },
]

[[package]]
name = "key-multivalue-storage"
version = "1.2.4.20260702"
source = { editable = "." }

[package.optional-dependencies]
dev = [
    { name = "pylint" },
]

[package.dev-dependencies]
dev = [
    { name = "pylint" },
    { name = "pylint-per-file-ignores" },
    { name = "pyproject" },
]
test = [
    { name = "pylint" },
    { name = "pyproject" },
]

[package.metadata]
requires-dist = [{ name = "pylint", marker = "extra == 'dev'", specifier = ">=4.0.0" }]
provides-extras = ["dev"]

[package.metadata.requires-dev]
dev = [
    { name = "pylint", specifier = ">=4.0.6" },
    { name = "pylint-per-file-ignores", specifier = ">=3.2.1" },
    { name = "pyproject", specifier = ">=1!0.1.2" },
]
test = [
    { name = "pylint", specifier = ">=4.0.6" },
    { name = "pyproject", specifier = ">=1!0.1.2" },
]

[[package]]
name = "mccabe"
version = "0.7.0"
source = { registry = "https://pypi.org/simple" }
sdist = { url = "https://files.pythonhosted.org/packages/e7/ff/0ffefdcac38932a54d2b5eed4e0ba8a408f215002cd178ad1df0f2806ff8/mccabe-0.7.0.tar.gz", hash = "sha256:348e0240c33b60bbdf4e523192ef919f28cb2c3d7d5c7794f74009290f236325", size = 9658, upload-time = "2022-01-24T01:14:51.113Z" }
wheels = [
    { url = "https://files.pythonhosted.org/packages/27/1a/1f68f9ba0c207934b35b86a8ca3aad8395a3d6dd7921c0686e23853ff5a9/mccabe-0.7.0-py2.py3-none-any.whl", hash = "sha256:6c2d30ab6be0e4a46919781807b4f0d834ebdd6c6e3dca0bda5a15f863427b6e", size = 7350, upload-time = "2022-01-24T01:14:49.62Z" },
]

[[package]]
name = "platformdirs"
version = "4.10.0"
source = { registry = "https://pypi.org/simple" }
sdist = { url = "https://files.pythonhosted.org/packages/d7/47/e4501f49c178ae1d9f4a75073fda4204f52647993f075a9db4d14930e0c5/platformdirs-4.10.0.tar.gz", hash = "sha256:31e761a6a0ca04faf7353ea759bdba55652be214725111e5aac52dfa29d4bef7", size = 31224, upload-time = "2026-05-28T03:32:53.587Z" }
wheels = [
    { url = "https://files.pythonhosted.org/packages/81/e6/cd9575ac904136b3cbf7aa7ee819ef86eedb7274e46f230e94ea4342e729/platformdirs-4.10.0-py3-none-any.whl", hash = "sha256:fb516cdb12eb0d857d0cd85a7c57cea4d060bee4578d6cf5a14dfdf8cbf8784a", size = 22743, upload-time = "2026-05-28T03:32:52.175Z" },
]

[[package]]
name = "pylint"
version = "4.0.6"
source = { registry = "https://pypi.org/simple" }
dependencies = [
    { name = "astroid" },
    { name = "colorama", marker = "sys_platform == 'win32'" },
    { name = "dill" },
    { name = "isort" },
    { name = "mccabe" },
    { name = "platformdirs" },
    { name = "tomlkit" },
]
sdist = { url = "https://files.pythonhosted.org/packages/7d/1d/3bb57f303701549550d74bf7ced2b07412be97125c167a0c9d216aa9f762/pylint-4.0.6.tar.gz", hash = "sha256:52f19191bee08bf103f9705ad1a0ece4aa5a0a4ef2bdcbd969375a1e6f6579d5", size = 1585588, upload-time = "2026-06-14T14:43:26.772Z" }
wheels = [
    { url = "https://files.pythonhosted.org/packages/ab/da/acb2e7d4dbd2dfb792d38c0d850481f29ad7049b356d23f56c687d35203b/pylint-4.0.6-py3-none-any.whl", hash = "sha256:d11a0e1fdb7b1cd46ec5d6fc78fee8b95f28695b2d6140e5809925f61e32ea54", size = 538389, upload-time = "2026-06-14T14:43:24.873Z" },
]

[[package]]
name = "pylint-per-file-ignores"
version = "3.2.1"
source = { registry = "https://pypi.org/simple" }
dependencies = [
    { name = "pylint" },
]
sdist = { url = "https://files.pythonhosted.org/packages/0c/bc/6d40a3596f91ef23fca7b89983b78bf4b3686323fd98e44e53ae365b1880/pylint_per_file_ignores-3.2.1.tar.gz", hash = "sha256:0a89f3cdc6fa09244a3f5624ad977ac9b026f0b25b2adb48c97c080da8d858f9", size = 81844, upload-time = "2026-04-03T19:35:37.697Z" }
wheels = [
    { url = "https://files.pythonhosted.org/packages/ff/68/2b0cc27b549fd788caae254752910fe7222ac47c71627c60926895fe8960/pylint_per_file_ignores-3.2.1-py3-none-any.whl", hash = "sha256:aaac8b118791e742ccf7baaf42346978f6cd0440a9090d4087fc8ff26e4a31f2", size = 5699, upload-time = "2026-04-03T19:35:36.524Z" },
]

[[package]]
name = "pyproject"
version = "1!0.1.3"
source = { registry = "https://pypi.org/simple" }
sdist = { url = "https://files.pythonhosted.org/packages/3d/28/9e7c376989dfb30d58c973b69f7cfd667a8a13e4c8404e96605ef8580df9/pyproject-1!0.1.3.tar.gz", hash = "sha256:4f0e666a1d45eec4a664c0be31a22c60d43048ce9261b1250e8de5019f0772db", size = 1191560, upload-time = "2026-07-17T15:56:44.208Z" }
wheels = [
    { url = "https://files.pythonhosted.org/packages/04/7b/f9c47dfe853ff1690698c3f5e32e566281ca1b01101bf422a24822389c1c/pyproject-1!0.1.3-py3-none-macosx_10_12_x86_64.macosx_11_0_arm64.macosx_10_12_universal2.whl", hash = "sha256:cb90094942ac52cd2e437bb1de44f41a4ac838ff2fd8d86f91bf3469ac6983df", size = 9446487, upload-time = "2026-07-17T15:56:36.62Z" },
    { url = "https://files.pythonhosted.org/packages/60/9b/d3b28e21ea349e8a97234d1f05484cdd492cd0a7e3528bf9d056789f993d/pyproject-1!0.1.3-py3-none-manylinux_2_17_aarch64.manylinux2014_aarch64.whl", hash = "sha256:44aeaed756c55bf0647d49bfb8c6a588e2b0ea4a71e7df572fa5997f27886b36", size = 5264329, upload-time = "2026-07-17T15:56:39.144Z" },
    { url = "https://files.pythonhosted.org/packages/3c/b7/039b26a73cca99f2f90270706047e27f2624a914639ba66d4134a6bac9db/pyproject-1!0.1.3-py3-none-manylinux_2_17_x86_64.manylinux2014_x86_64.whl", hash = "sha256:147ef62828861a728e75cc4f834cd723b6ed3cfceebe69add0203d037461ac80", size = 5508339, upload-time = "2026-07-17T15:56:41.035Z" },
    { url = "https://files.pythonhosted.org/packages/37/87/0a00ccedbdfeeb667ad458f79925ccd726a6f221eeda6a159a3ac45ee6a7/pyproject-1!0.1.3-py3-none-win_amd64.whl", hash = "sha256:0503175a90a70d7b6c623ed752d0af32ce85ee34123b26ce82277222618438a0", size = 5683138, upload-time = "2026-07-17T15:56:42.617Z" },
]

[[package]]
name = "tomlkit"
version = "0.15.0"
source = { registry = "https://pypi.org/simple" }
sdist = { url = "https://files.pythonhosted.org/packages/51/db/03eaf4331631ef6b27d6e3c9b68c54dc6f0d63d87201fed600cc409307fd/tomlkit-0.15.0.tar.gz", hash = "sha256:7d1a9ecba3086638211b13814ea79c90dd54dd11993564376f3aa92271f5c7a3", size = 161875, upload-time = "2026-05-10T07:38:22.245Z" }
wheels = [
    { url = "https://files.pythonhosted.org/packages/6a/43/8bd850ee71a191bf072e31302c73a66be413fecdd98fdcd111ecbcce13ca/tomlkit-0.15.0-py3-none-any.whl", hash = "sha256:4dbc8f0fc024412b57ced8757ac7461305126a648ff8c2c807fcb8e133a78738", size = 41328, upload-time = "2026-05-10T07:38:23.517Z" },
]
